
Microsoft Visual Studio Solution File, Format Version 12.00
# Visual Studio Version 16
VisualStudioVersion = 16.0.30503.244
MinimumVisualStudioVersion = 10.0.40219.1
Project("{FAE04EC0-301F-11D3-BF4B-00C04F79EFBC}") = "beadando_yh3dt9", "beadando_yh3dt9.csproj", "{689A7D81-666D-4E60-ABDB-2B8315256CD2}"
EndProject
Global
	GlobalSection(SolutionConfigurationPlatforms) = preSolution
		Debug|Any CPU = Debug|Any CPU
		Release|Any CPU = Release|Any CPU
	EndGlobalSection
	GlobalSection(ProjectConfigurationPlatforms) = postSolution
		{689A7D81-666D-4E60-ABDB-2B8315256CD2}.Debug|Any CPU.ActiveCfg = Debug|Any CPU
		{689A7D81-666D-4E60-ABDB-2B8315256CD2}.Debug|Any CPU.Build.0 = Debug|Any CPU
		{689A7D81-666D-4E60-ABDB-2B8315256CD2}.Release|Any CPU.ActiveCfg = Release|Any CPU
		{689A7D81-666D-4E60-ABDB-2B8315256CD2}.Release|Any CPU.Build.0 = Release|Any CPU
	EndGlobalSection
	GlobalSection(SolutionProperties) = preSolution
		HideSolutionNode = FALSE
	EndGlobalSection
	GlobalSection(ExtensibilityGlobals) = postSolution
		SolutionGuid = {1FB46167-B296-4D72-9AC3-CFFB2F86ED9E}
	EndGlobalSection
EndGlobal
